<Solution>
  <Folder Name="/Solution Items/">
    <File Path="Dockerfile" />
  </Folder>
  <Project Path="PATH.API/PATH.API.csproj" />
  <Project Path="PATH.Application/PATH.Application.csproj" />
  <Project Path="PATH.Domain/PATH.Domain.csproj" />
  <Project Path="PATH.Infrastructure/PATH.Infrastructure.csproj" />
  <Project Path="PATH.Tests/PATH.Tests.csproj" Id="8f797e1c-1fc7-4c9f-89fd-f133ff783bd1" />
</Solution>
